
Microsoft Visual Studio Solution File, Format Version 12.00
# Visual Studio 15
VisualStudioVersion = 15.0.28010.2050
MinimumVisualStudioVersion = 10.0.40219.1
Project("{9A19103F-16F7-4668-BE54-9A1E7A4F7556}") = "MQTT_Broker", "MQTT_Broker.csproj", "{589F250D-4C47-4B97-AD44-CD2BF06B4243}"
EndProject
Global
	GlobalSection(SolutionConfigurationPlatforms) = preSolution
		Debug|Any CPU = Debug|Any CPU
		Release|Any CPU = Release|Any CPU
	EndGlobalSection
	GlobalSection(ProjectConfigurationPlatforms) = postSolution
		{589F250D-4C47-4B97-AD44-CD2BF06B4243}.Debug|Any CPU.ActiveCfg = Debug|Any CPU
		{589F250D-4C47-4B97-AD44-CD2BF06B4243}.Debug|Any CPU.Build.0 = Debug|Any CPU
		{589F250D-4C47-4B97-AD44-CD2BF06B4243}.Release|Any CPU.ActiveCfg = Release|Any CPU
		{589F250D-4C47-4B97-AD44-CD2BF06B4243}.Release|Any CPU.Build.0 = Release|Any CPU
	EndGlobalSection
	GlobalSection(SolutionProperties) = preSolution
		HideSolutionNode = FALSE
	EndGlobalSection
	GlobalSection(ExtensibilityGlobals) = postSolution
		SolutionGuid = {5C3D3C89-E51B-4AA1-8D67-136758E2C1A5}
	EndGlobalSection
EndGlobal
